
Microsoft Visual Studio Solution File, Format Version 12.00
# Visual Studio 14
VisualStudioVersion = 14.0.23107.0
MinimumVisualStudioVersion = 10.0.40219.1
Project("{FAE04EC0-301F-11D3-BF4B-00C04F79EFBC}") = "DraculAI", "ConsoleHandler\DraculAI.csproj", "{331FAD45-5DF2-4ED2-B23A-B486DF9D4C32}"
EndProject
Project("{FAE04EC0-301F-11D3-BF4B-00C04F79EFBC}") = "FuryOfDracula.GameLogic", "FuryOfDracula.GameLogic\FuryOfDracula.GameLogic.csproj", "{BE48163A-E0CD-4CF3-BD9B-F20CA21A6C56}"
EndProject
Project("{FAE04EC0-301F-11D3-BF4B-00C04F79EFBC}") = "FuryOfDracula.UnitTests", "FuryOfDracula.UnitTests\FuryOfDracula.UnitTests.csproj", "{067456C0-086C-46A8-B37F-1405717B7BFC}"
EndProject
Project("{2150E333-8FDC-42A3-9474-1A3956D46DE8}") = ".nuget", ".nuget", "{67129E60-B2AE-42DE-BB07-BA5CBF44D514}"
	ProjectSection(SolutionItems) = preProject
		.nuget\packages.config = .nuget\packages.config
	EndProjectSection
EndProject
Project("{FAE04EC0-301F-11D3-BF4B-00C04F79EFBC}") = "FuryOfDracula.ConsoleInterface", "FuryOfDracula.ConsoleInterface\FuryOfDracula.ConsoleInterface.csproj", "{0E2A016B-C539-474B-9F92-1B0939243518}"
EndProject
Project("{FAE04EC0-301F-11D3-BF4B-00C04F79EFBC}") = "FuryOfDracula.ArtificialIntelligence", "FuryOfDracula.ArtificialIntelligence\FuryOfDracula.ArtificialIntelligence.csproj", "{91589497-7E36-4C77-B7F1-31ACC060ACDC}"
EndProject
Global
	GlobalSection(SolutionConfigurationPlatforms) = preSolution
		Debug|Any CPU = Debug|Any CPU
		Release|Any CPU = Release|Any CPU
	EndGlobalSection
	GlobalSection(ProjectConfigurationPlatforms) = postSolution
		{331FAD45-5DF2-4ED2-B23A-B486DF9D4C32}.Debug|Any CPU.ActiveCfg = Debug|Any CPU
		{331FAD45-5DF2-4ED2-B23A-B486DF9D4C32}.Release|Any CPU.ActiveCfg = Release|Any CPU
		{331FAD45-5DF2-4ED2-B23A-B486DF9D4C32}.Release|Any CPU.Build.0 = Release|Any CPU
		{BE48163A-E0CD-4CF3-BD9B-F20CA21A6C56}.Debug|Any CPU.ActiveCfg = Debug|Any CPU
		{BE48163A-E0CD-4CF3-BD9B-F20CA21A6C56}.Debug|Any CPU.Build.0 = Debug|Any CPU
		{BE48163A-E0CD-4CF3-BD9B-F20CA21A6C56}.Release|Any CPU.ActiveCfg = Release|Any CPU
		{BE48163A-E0CD-4CF3-BD9B-F20CA21A6C56}.Release|Any CPU.Build.0 = Release|Any CPU
		{067456C0-086C-46A8-B37F-1405717B7BFC}.Debug|Any CPU.ActiveCfg = Debug|Any CPU
		{067456C0-086C-46A8-B37F-1405717B7BFC}.Debug|Any CPU.Build.0 = Debug|Any CPU
		{067456C0-086C-46A8-B37F-1405717B7BFC}.Release|Any CPU.ActiveCfg = Release|Any CPU
		{067456C0-086C-46A8-B37F-1405717B7BFC}.Release|Any CPU.Build.0 = Release|Any CPU
		{0E2A016B-C539-474B-9F92-1B0939243518}.Debug|Any CPU.ActiveCfg = Debug|Any CPU
		{0E2A016B-C539-474B-9F92-1B0939243518}.Debug|Any CPU.Build.0 = Debug|Any CPU
		{0E2A016B-C539-474B-9F92-1B0939243518}.Release|Any CPU.ActiveCfg = Release|Any CPU
		{0E2A016B-C539-474B-9F92-1B0939243518}.Release|Any CPU.Build.0 = Release|Any CPU
		{91589497-7E36-4C77-B7F1-31ACC060ACDC}.Debug|Any CPU.ActiveCfg = Debug|Any CPU
		{91589497-7E36-4C77-B7F1-31ACC060ACDC}.Debug|Any CPU.Build.0 = Debug|Any CPU
		{91589497-7E36-4C77-B7F1-31ACC060ACDC}.Release|Any CPU.ActiveCfg = Release|Any CPU
		{91589497-7E36-4C77-B7F1-31ACC060ACDC}.Release|Any CPU.Build.0 = Release|Any CPU
	EndGlobalSection
	GlobalSection(SolutionProperties) = preSolution
		HideSolutionNode = FALSE
	EndGlobalSection
EndGlobal
